
Microsoft Visual Studio Solution File, Format Version 11.00
# Visual Studio 2010
Project("{FAE04EC0-301F-11D3-BF4B-00C04F79EFBC}") = "HarmonoiseInCSharp", "HarmonoiseInCSharp\HarmonoiseInCSharp.csproj", "{D37B807E-9AC0-4D83-B726-0CD5D73E65B3}"
EndProject
Project("{8BC9CEB8-8B4A-11D0-8D11-00A0C91BC942}") = "HarmonoiseDLL", "..\..\Harmonoise_P2P V2_021\HarmonoiseP2P V2.021\HarmonoiseDLL\HarmonoiseDLL\HarmonoiseDLL.vcxproj", "{748A44F0-077A-4BA0-A75B-3AEC75645A12}"
EndProject
Project("{FAE04EC0-301F-11D3-BF4B-00C04F79EFBC}") = "HarmonoiseInCSharp_Test", "..\HarmonoiseInCSharp_Test\HarmonoiseInCSharp_Test.csproj", "{8A02781A-1CE3-45D2-B405-4722250F6EF7}"
EndProject
Global
	GlobalSection(SolutionConfigurationPlatforms) = preSolution
		Debug|Any CPU = Debug|Any CPU
		Debug|Mixed Platforms = Debug|Mixed Platforms
		Debug|Win32 = Debug|Win32
		Debug|x64 = Debug|x64
		Debug|x86 = Debug|x86
		Release|Any CPU = Release|Any CPU
		Release|Mixed Platforms = Release|Mixed Platforms
		Release|Win32 = Release|Win32
		Release|x64 = Release|x64
		Release|x86 = Release|x86
	EndGlobalSection
	GlobalSection(ProjectConfigurationPlatforms) = postSolution
		{D37B807E-9AC0-4D83-B726-0CD5D73E65B3}.Debug|Any CPU.ActiveCfg = Debug|Any CPU
		{D37B807E-9AC0-4D83-B726-0CD5D73E65B3}.Debug|Any CPU.Build.0 = Debug|Any CPU
		{D37B807E-9AC0-4D83-B726-0CD5D73E65B3}.Debug|Mixed Platforms.ActiveCfg = Debug|Any CPU
		{D37B807E-9AC0-4D83-B726-0CD5D73E65B3}.Debug|Mixed Platforms.Build.0 = Debug|Any CPU
		{D37B807E-9AC0-4D83-B726-0CD5D73E65B3}.Debug|Win32.ActiveCfg = Debug|Any CPU
		{D37B807E-9AC0-4D83-B726-0CD5D73E65B3}.Debug|x64.ActiveCfg = Debug|Any CPU
		{D37B807E-9AC0-4D83-B726-0CD5D73E65B3}.Debug|x86.ActiveCfg = Debug|Any CPU
		{D37B807E-9AC0-4D83-B726-0CD5D73E65B3}.Release|Any CPU.ActiveCfg = Release|Any CPU
		{D37B807E-9AC0-4D83-B726-0CD5D73E65B3}.Release|Any CPU.Build.0 = Release|Any CPU
		{D37B807E-9AC0-4D83-B726-0CD5D73E65B3}.Release|Mixed Platforms.ActiveCfg = Release|Any CPU
		{D37B807E-9AC0-4D83-B726-0CD5D73E65B3}.Release|Mixed Platforms.Build.0 = Release|Any CPU
		{D37B807E-9AC0-4D83-B726-0CD5D73E65B3}.Release|Win32.ActiveCfg = Release|Any CPU
		{D37B807E-9AC0-4D83-B726-0CD5D73E65B3}.Release|x64.ActiveCfg = Release|Any CPU
		{D37B807E-9AC0-4D83-B726-0CD5D73E65B3}.Release|x86.ActiveCfg = Release|Any CPU
		{748A44F0-077A-4BA0-A75B-3AEC75645A12}.Debug|Any CPU.ActiveCfg = Debug|x64
		{748A44F0-077A-4BA0-A75B-3AEC75645A12}.Debug|Mixed Platforms.ActiveCfg = Debug|x64
		{748A44F0-077A-4BA0-A75B-3AEC75645A12}.Debug|Mixed Platforms.Build.0 = Debug|x64
		{748A44F0-077A-4BA0-A75B-3AEC75645A12}.Debug|Win32.ActiveCfg = Debug|Win32
		{748A44F0-077A-4BA0-A75B-3AEC75645A12}.Debug|Win32.Build.0 = Debug|Win32
		{748A44F0-077A-4BA0-A75B-3AEC75645A12}.Debug|x64.ActiveCfg = Debug|x64
		{748A44F0-077A-4BA0-A75B-3AEC75645A12}.Debug|x64.Build.0 = Debug|x64
		{748A44F0-077A-4BA0-A75B-3AEC75645A12}.Debug|x86.ActiveCfg = Debug|x64
		{748A44F0-077A-4BA0-A75B-3AEC75645A12}.Release|Any CPU.ActiveCfg = Release|x64
		{748A44F0-077A-4BA0-A75B-3AEC75645A12}.Release|Mixed Platforms.ActiveCfg = Release|x64
		{748A44F0-077A-4BA0-A75B-3AEC75645A12}.Release|Mixed Platforms.Build.0 = Release|x64
		{748A44F0-077A-4BA0-A75B-3AEC75645A12}.Release|Win32.ActiveCfg = Release|Win32
		{748A44F0-077A-4BA0-A75B-3AEC75645A12}.Release|Win32.Build.0 = Release|Win32
		{748A44F0-077A-4BA0-A75B-3AEC75645A12}.Release|x64.ActiveCfg = Release|x64
		{748A44F0-077A-4BA0-A75B-3AEC75645A12}.Release|x64.Build.0 = Release|x64
		{748A44F0-077A-4BA0-A75B-3AEC75645A12}.Release|x86.ActiveCfg = Release|x64
		{8A02781A-1CE3-45D2-B405-4722250F6EF7}.Debug|Any CPU.ActiveCfg = Debug|x86
		{8A02781A-1CE3-45D2-B405-4722250F6EF7}.Debug|Mixed Platforms.ActiveCfg = Debug|x86
		{8A02781A-1CE3-45D2-B405-4722250F6EF7}.Debug|Mixed Platforms.Build.0 = Debug|x86
		{8A02781A-1CE3-45D2-B405-4722250F6EF7}.Debug|Win32.ActiveCfg = Debug|x86
		{8A02781A-1CE3-45D2-B405-4722250F6EF7}.Debug|x64.ActiveCfg = Debug|x86
		{8A02781A-1CE3-45D2-B405-4722250F6EF7}.Debug|x86.ActiveCfg = Debug|x86
		{8A02781A-1CE3-45D2-B405-4722250F6EF7}.Debug|x86.Build.0 = Debug|x86
		{8A02781A-1CE3-45D2-B405-4722250F6EF7}.Release|Any CPU.ActiveCfg = Release|x86
		{8A02781A-1CE3-45D2-B405-4722250F6EF7}.Release|Mixed Platforms.ActiveCfg = Release|x86
		{8A02781A-1CE3-45D2-B405-4722250F6EF7}.Release|Mixed Platforms.Build.0 = Release|x86
		{8A02781A-1CE3-45D2-B405-4722250F6EF7}.Release|Win32.ActiveCfg = Release|x86
		{8A02781A-1CE3-45D2-B405-4722250F6EF7}.Release|x64.ActiveCfg = Release|x86
		{8A02781A-1CE3-45D2-B405-4722250F6EF7}.Release|x86.ActiveCfg = Release|x86
		{8A02781A-1CE3-45D2-B405-4722250F6EF7}.Release|x86.Build.0 = Release|x86
	EndGlobalSection
	GlobalSection(SolutionProperties) = preSolution
		HideSolutionNode = FALSE
	EndGlobalSection
EndGlobal
